
Microsoft Visual Studio Solution File, Format Version 12.00
# Visual Studio Version 16
VisualStudioVersion = 16.0.30907.101
MinimumVisualStudioVersion = 10.0.40219.1
Project("{FAE04EC0-301F-11D3-BF4B-00C04F79EFBC}") = "WebGallery", "WebGallery\WebGallery.csproj", "{8004B7FF-1634-4630-AB24-E30C2D96764F}"
EndProject
Global
	GlobalSection(SolutionConfigurationPlatforms) = preSolution
		Debug|Any CPU = Debug|Any CPU
		Release|Any CPU = Release|Any CPU
	EndGlobalSection
	GlobalSection(ProjectConfigurationPlatforms) = postSolution
		{8004B7FF-1634-4630-AB24-E30C2D96764F}.Debug|Any CPU.ActiveCfg = Debug|Any CPU
		{8004B7FF-1634-4630-AB24-E30C2D96764F}.Debug|Any CPU.Build.0 = Debug|Any CPU
		{8004B7FF-1634-4630-AB24-E30C2D96764F}.Release|Any CPU.ActiveCfg = Release|Any CPU
		{8004B7FF-1634-4630-AB24-E30C2D96764F}.Release|Any CPU.Build.0 = Release|Any CPU
	EndGlobalSection
	GlobalSection(SolutionProperties) = preSolution
		HideSolutionNode = FALSE
	EndGlobalSection
	GlobalSection(ExtensibilityGlobals) = postSolution
		SolutionGuid = {69E614F1-D623-4663-8DAC-F682706BF9EC}
	EndGlobalSection
EndGlobal
